
Microsoft Visual Studio Solution File, Format Version 12.00
# Visual Studio 15
VisualStudioVersion = 15.0.28307.106
MinimumVisualStudioVersion = 10.0.40219.1
Project("{FAE04EC0-301F-11D3-BF4B-00C04F79EFBC}") = "TelegrammNode", "TelegrammNode\TelegrammNode.csproj", "{5EDC2190-D621-4011-8B73-DD129D715B2C}"
EndProject
Global
	GlobalSection(SolutionConfigurationPlatforms) = preSolution
		Debug|Any CPU = Debug|Any CPU
		Release|Any CPU = Release|Any CPU
	EndGlobalSection
	GlobalSection(ProjectConfigurationPlatforms) = postSolution
		{5EDC2190-D621-4011-8B73-DD129D715B2C}.Debug|Any CPU.ActiveCfg = Debug|Any CPU
		{5EDC2190-D621-4011-8B73-DD129D715B2C}.Debug|Any CPU.Build.0 = Debug|Any CPU
		{5EDC2190-D621-4011-8B73-DD129D715B2C}.Release|Any CPU.ActiveCfg = Release|Any CPU
		{5EDC2190-D621-4011-8B73-DD129D715B2C}.Release|Any CPU.Build.0 = Release|Any CPU
	EndGlobalSection
	GlobalSection(SolutionProperties) = preSolution
		HideSolutionNode = FALSE
	EndGlobalSection
	GlobalSection(ExtensibilityGlobals) = postSolution
		SolutionGuid = {19E7F7A8-2B39-4463-9EA1-CCBDB7D34B6A}
	EndGlobalSection
EndGlobal
